
Microsoft Visual Studio Solution File, Format Version 12.00
# Visual Studio 14
VisualStudioVersion = 14.0.25420.1
MinimumVisualStudioVersion = 10.0.40219.1
Project("{FAE04EC0-301F-11D3-BF4B-00C04F79EFBC}") = "Wpf_Mail", "Wpf_Mail\Wpf_Mail.csproj", "{3677A428-9151-4ACF-8108-4D7A3BCBD78B}"
EndProject
Project("{FAE04EC0-301F-11D3-BF4B-00C04F79EFBC}") = "Sender", "MainService\Sender.csproj", "{4D04AFF6-5EB0-4EB5-8E1C-27E4A2D92857}"
EndProject
Project("{FAE04EC0-301F-11D3-BF4B-00C04F79EFBC}") = "MailService", "MailService\MailService.csproj", "{C423D41B-C732-4817-8AEB-B58B6281FFD1}"
EndProject
Project("{FAE04EC0-301F-11D3-BF4B-00C04F79EFBC}") = "Web_Mail", "Web_Mail\Web_Mail.csproj", "{4F38827D-D3D4-4525-97B7-5DB62FE63BE1}"
EndProject
Global
	GlobalSection(SolutionConfigurationPlatforms) = preSolution
		Debug|Any CPU = Debug|Any CPU
		Release|Any CPU = Release|Any CPU
	EndGlobalSection
	GlobalSection(ProjectConfigurationPlatforms) = postSolution
		{3677A428-9151-4ACF-8108-4D7A3BCBD78B}.Debug|Any CPU.ActiveCfg = Debug|Any CPU
		{3677A428-9151-4ACF-8108-4D7A3BCBD78B}.Debug|Any CPU.Build.0 = Debug|Any CPU
		{3677A428-9151-4ACF-8108-4D7A3BCBD78B}.Release|Any CPU.ActiveCfg = Release|Any CPU
		{3677A428-9151-4ACF-8108-4D7A3BCBD78B}.Release|Any CPU.Build.0 = Release|Any CPU
		{4D04AFF6-5EB0-4EB5-8E1C-27E4A2D92857}.Debug|Any CPU.ActiveCfg = Debug|Any CPU
		{4D04AFF6-5EB0-4EB5-8E1C-27E4A2D92857}.Debug|Any CPU.Build.0 = Debug|Any CPU
		{4D04AFF6-5EB0-4EB5-8E1C-27E4A2D92857}.Release|Any CPU.ActiveCfg = Release|Any CPU
		{4D04AFF6-5EB0-4EB5-8E1C-27E4A2D92857}.Release|Any CPU.Build.0 = Release|Any CPU
		{C423D41B-C732-4817-8AEB-B58B6281FFD1}.Debug|Any CPU.ActiveCfg = Debug|Any CPU
		{C423D41B-C732-4817-8AEB-B58B6281FFD1}.Debug|Any CPU.Build.0 = Debug|Any CPU
		{C423D41B-C732-4817-8AEB-B58B6281FFD1}.Release|Any CPU.ActiveCfg = Release|Any CPU
		{C423D41B-C732-4817-8AEB-B58B6281FFD1}.Release|Any CPU.Build.0 = Release|Any CPU
		{4F38827D-D3D4-4525-97B7-5DB62FE63BE1}.Debug|Any CPU.ActiveCfg = Debug|Any CPU
		{4F38827D-D3D4-4525-97B7-5DB62FE63BE1}.Debug|Any CPU.Build.0 = Debug|Any CPU
		{4F38827D-D3D4-4525-97B7-5DB62FE63BE1}.Release|Any CPU.ActiveCfg = Release|Any CPU
		{4F38827D-D3D4-4525-97B7-5DB62FE63BE1}.Release|Any CPU.Build.0 = Release|Any CPU
	EndGlobalSection
	GlobalSection(SolutionProperties) = preSolution
		HideSolutionNode = FALSE
	EndGlobalSection
EndGlobal
