
Microsoft Visual Studio Solution File, Format Version 12.00
# Visual Studio 15
VisualStudioVersion = 15.0.26430.13
MinimumVisualStudioVersion = 10.0.40219.1
Project("{FAE04EC0-301F-11D3-BF4B-00C04F79EFBC}") = "Wpf_Mail", "Wpf_Mail\Wpf_Mail.csproj", "{3677A428-9151-4ACF-8108-4D7A3BCBD78B}"
EndProject
Project("{FAE04EC0-301F-11D3-BF4B-00C04F79EFBC}") = "Sender", "MainService\Sender.csproj", "{4D04AFF6-5EB0-4EB5-8E1C-27E4A2D92857}"
EndProject
Project("{FAE04EC0-301F-11D3-BF4B-00C04F79EFBC}") = "MailService", "MailService\MailService.csproj", "{C423D41B-C732-4817-8AEB-B58B6281FFD1}"
EndProject
Project("{FAE04EC0-301F-11D3-BF4B-00C04F79EFBC}") = "Web_Mail", "Web_Mail\Web_Mail.csproj", "{4F38827D-D3D4-4525-97B7-5DB62FE63BE1}"
EndProject
Project("{FAE04EC0-301F-11D3-BF4B-00C04F79EFBC}") = "Xamarin_Mail.Android", "Xamarin_Mail\Xamarin_Mail.Android\Xamarin_Mail.Android.csproj", "{687E3A4C-E342-47AD-97AA-42BE7CFE8504}"
EndProject
Project("{FAE04EC0-301F-11D3-BF4B-00C04F79EFBC}") = "Xamarin_Mail", "Xamarin_Mail\Xamarin_Mail\Xamarin_Mail.csproj", "{9007655A-20F1-415E-B900-373E9202CEB0}"
EndProject
Project("{FAE04EC0-301F-11D3-BF4B-00C04F79EFBC}") = "Xamarin_Mail.UWP", "Xamarin_Mail\Xamarin_Mail.UWP\Xamarin_Mail.UWP.csproj", "{DE31D5A0-66FF-4928-86E7-DEE9CC87845D}"
EndProject
Project("{FAE04EC0-301F-11D3-BF4B-00C04F79EFBC}") = "Xamarin_Mail.iOS", "Xamarin_Mail\Xamarin_Mail.iOS\Xamarin_Mail.iOS.csproj", "{1463B94B-E4E8-4E47-AD10-AEF2B823C938}"
EndProject
Global
	GlobalSection(SolutionConfigurationPlatforms) = preSolution
		Ad-Hoc|Any CPU = Ad-Hoc|Any CPU
		Ad-Hoc|ARM = Ad-Hoc|ARM
		Ad-Hoc|iPhone = Ad-Hoc|iPhone
		Ad-Hoc|iPhoneSimulator = Ad-Hoc|iPhoneSimulator
		Ad-Hoc|x64 = Ad-Hoc|x64
		Ad-Hoc|x86 = Ad-Hoc|x86
		AppStore|Any CPU = AppStore|Any CPU
		AppStore|ARM = AppStore|ARM
		AppStore|iPhone = AppStore|iPhone
		AppStore|iPhoneSimulator = AppStore|iPhoneSimulator
		AppStore|x64 = AppStore|x64
		AppStore|x86 = AppStore|x86
		Debug|Any CPU = Debug|Any CPU
		Debug|ARM = Debug|ARM
		Debug|iPhone = Debug|iPhone
		Debug|iPhoneSimulator = Debug|iPhoneSimulator
		Debug|x64 = Debug|x64
		Debug|x86 = Debug|x86
		Release|Any CPU = Release|Any CPU
		Release|ARM = Release|ARM
		Release|iPhone = Release|iPhone
		Release|iPhoneSimulator = Release|iPhoneSimulator
		Release|x64 = Release|x64
		Release|x86 = Release|x86
	EndGlobalSection
	GlobalSection(ProjectConfigurationPlatforms) = postSolution
		{3677A428-9151-4ACF-8108-4D7A3BCBD78B}.Ad-Hoc|Any CPU.ActiveCfg = Release|Any CPU
		{3677A428-9151-4ACF-8108-4D7A3BCBD78B}.Ad-Hoc|Any CPU.Build.0 = Release|Any CPU
		{3677A428-9151-4ACF-8108-4D7A3BCBD78B}.Ad-Hoc|ARM.ActiveCfg = Release|Any CPU
		{3677A428-9151-4ACF-8108-4D7A3BCBD78B}.Ad-Hoc|ARM.Build.0 = Release|Any CPU
		{3677A428-9151-4ACF-8108-4D7A3BCBD78B}.Ad-Hoc|iPhone.ActiveCfg = Release|Any CPU
		{3677A428-9151-4ACF-8108-4D7A3BCBD78B}.Ad-Hoc|iPhone.Build.0 = Release|Any CPU
		{3677A428-9151-4ACF-8108-4D7A3BCBD78B}.Ad-Hoc|iPhoneSimulator.ActiveCfg = Release|Any CPU
		{3677A428-9151-4ACF-8108-4D7A3BCBD78B}.Ad-Hoc|iPhoneSimulator.Build.0 = Release|Any CPU
		{3677A428-9151-4ACF-8108-4D7A3BCBD78B}.Ad-Hoc|x64.ActiveCfg = Release|Any CPU
		{3677A428-9151-4ACF-8108-4D7A3BCBD78B}.Ad-Hoc|x64.Build.0 = Release|Any CPU
		{3677A428-9151-4ACF-8108-4D7A3BCBD78B}.Ad-Hoc|x86.ActiveCfg = Release|Any CPU
		{3677A428-9151-4ACF-8108-4D7A3BCBD78B}.Ad-Hoc|x86.Build.0 = Release|Any CPU
		{3677A428-9151-4ACF-8108-4D7A3BCBD78B}.AppStore|Any CPU.ActiveCfg = Release|Any CPU
		{3677A428-9151-4ACF-8108-4D7A3BCBD78B}.AppStore|Any CPU.Build.0 = Release|Any CPU
		{3677A428-9151-4ACF-8108-4D7A3BCBD78B}.AppStore|ARM.ActiveCfg = Release|Any CPU
		{3677A428-9151-4ACF-8108-4D7A3BCBD78B}.AppStore|ARM.Build.0 = Release|Any CPU
		{3677A428-9151-4ACF-8108-4D7A3BCBD78B}.AppStore|iPhone.ActiveCfg = Release|Any CPU
		{3677A428-9151-4ACF-8108-4D7A3BCBD78B}.AppStore|iPhone.Build.0 = Release|Any CPU
		{3677A428-9151-4ACF-8108-4D7A3BCBD78B}.AppStore|iPhoneSimulator.ActiveCfg = Release|Any CPU
		{3677A428-9151-4ACF-8108-4D7A3BCBD78B}.AppStore|iPhoneSimulator.Build.0 = Release|Any CPU
		{3677A428-9151-4ACF-8108-4D7A3BCBD78B}.AppStore|x64.ActiveCfg = Release|Any CPU
		{3677A428-9151-4ACF-8108-4D7A3BCBD78B}.AppStore|x64.Build.0 = Release|Any CPU
		{3677A428-9151-4ACF-8108-4D7A3BCBD78B}.AppStore|x86.ActiveCfg = Release|Any CPU
		{3677A428-9151-4ACF-8108-4D7A3BCBD78B}.AppStore|x86.Build.0 = Release|Any CPU
		{3677A428-9151-4ACF-8108-4D7A3BCBD78B}.Debug|Any CPU.ActiveCfg = Debug|Any CPU
		{3677A428-9151-4ACF-8108-4D7A3BCBD78B}.Debug|Any CPU.Build.0 = Debug|Any CPU
		{3677A428-9151-4ACF-8108-4D7A3BCBD78B}.Debug|ARM.ActiveCfg = Debug|Any CPU
		{3677A428-9151-4ACF-8108-4D7A3BCBD78B}.Debug|ARM.Build.0 = Debug|Any CPU
		{3677A428-9151-4ACF-8108-4D7A3BCBD78B}.Debug|iPhone.ActiveCfg = Debug|Any CPU
		{3677A428-9151-4ACF-8108-4D7A3BCBD78B}.Debug|iPhone.Build.0 = Debug|Any CPU
		{3677A428-9151-4ACF-8108-4D7A3BCBD78B}.Debug|iPhoneSimulator.ActiveCfg = Debug|Any CPU
		{3677A428-9151-4ACF-8108-4D7A3BCBD78B}.Debug|iPhoneSimulator.Build.0 = Debug|Any CPU
		{3677A428-9151-4ACF-8108-4D7A3BCBD78B}.Debug|x64.ActiveCfg = Debug|Any CPU
		{3677A428-9151-4ACF-8108-4D7A3BCBD78B}.Debug|x64.Build.0 = Debug|Any CPU
		{3677A428-9151-4ACF-8108-4D7A3BCBD78B}.Debug|x86.ActiveCfg = Debug|Any CPU
		{3677A428-9151-4ACF-8108-4D7A3BCBD78B}.Debug|x86.Build.0 = Debug|Any CPU
		{3677A428-9151-4ACF-8108-4D7A3BCBD78B}.Release|Any CPU.ActiveCfg = Release|Any CPU
		{3677A428-9151-4ACF-8108-4D7A3BCBD78B}.Release|Any CPU.Build.0 = Release|Any CPU
		{3677A428-9151-4ACF-8108-4D7A3BCBD78B}.Release|ARM.ActiveCfg = Release|Any CPU
		{3677A428-9151-4ACF-8108-4D7A3BCBD78B}.Release|ARM.Build.0 = Release|Any CPU
		{3677A428-9151-4ACF-8108-4D7A3BCBD78B}.Release|iPhone.ActiveCfg = Release|Any CPU
		{3677A428-9151-4ACF-8108-4D7A3BCBD78B}.Release|iPhone.Build.0 = Release|Any CPU
		{3677A428-9151-4ACF-8108-4D7A3BCBD78B}.Release|iPhoneSimulator.ActiveCfg = Release|Any CPU
		{3677A428-9151-4ACF-8108-4D7A3BCBD78B}.Release|iPhoneSimulator.Build.0 = Release|Any CPU
		{3677A428-9151-4ACF-8108-4D7A3BCBD78B}.Release|x64.ActiveCfg = Release|Any CPU
		{3677A428-9151-4ACF-8108-4D7A3BCBD78B}.Release|x64.Build.0 = Release|Any CPU
		{3677A428-9151-4ACF-8108-4D7A3BCBD78B}.Release|x86.ActiveCfg = Release|Any CPU
		{3677A428-9151-4ACF-8108-4D7A3BCBD78B}.Release|x86.Build.0 = Release|Any CPU
		{4D04AFF6-5EB0-4EB5-8E1C-27E4A2D92857}.Ad-Hoc|Any CPU.ActiveCfg = Release|Any CPU
		{4D04AFF6-5EB0-4EB5-8E1C-27E4A2D92857}.Ad-Hoc|Any CPU.Build.0 = Release|Any CPU
		{4D04AFF6-5EB0-4EB5-8E1C-27E4A2D92857}.Ad-Hoc|ARM.ActiveCfg = Release|Any CPU
		{4D04AFF6-5EB0-4EB5-8E1C-27E4A2D92857}.Ad-Hoc|ARM.Build.0 = Release|Any CPU
		{4D04AFF6-5EB0-4EB5-8E1C-27E4A2D92857}.Ad-Hoc|iPhone.ActiveCfg = Release|Any CPU
		{4D04AFF6-5EB0-4EB5-8E1C-27E4A2D92857}.Ad-Hoc|iPhone.Build.0 = Release|Any CPU
		{4D04AFF6-5EB0-4EB5-8E1C-27E4A2D92857}.Ad-Hoc|iPhoneSimulator.ActiveCfg = Release|Any CPU
		{4D04AFF6-5EB0-4EB5-8E1C-27E4A2D92857}.Ad-Hoc|iPhoneSimulator.Build.0 = Release|Any CPU
		{4D04AFF6-5EB0-4EB5-8E1C-27E4A2D92857}.Ad-Hoc|x64.ActiveCfg = Release|Any CPU
		{4D04AFF6-5EB0-4EB5-8E1C-27E4A2D92857}.Ad-Hoc|x64.Build.0 = Release|Any CPU
		{4D04AFF6-5EB0-4EB5-8E1C-27E4A2D92857}.Ad-Hoc|x86.ActiveCfg = Release|Any CPU
		{4D04AFF6-5EB0-4EB5-8E1C-27E4A2D92857}.Ad-Hoc|x86.Build.0 = Release|Any CPU
		{4D04AFF6-5EB0-4EB5-8E1C-27E4A2D92857}.AppStore|Any CPU.ActiveCfg = Release|Any CPU
		{4D04AFF6-5EB0-4EB5-8E1C-27E4A2D92857}.AppStore|Any CPU.Build.0 = Release|Any CPU
		{4D04AFF6-5EB0-4EB5-8E1C-27E4A2D92857}.AppStore|ARM.ActiveCfg = Release|Any CPU
		{4D04AFF6-5EB0-4EB5-8E1C-27E4A2D92857}.AppStore|ARM.Build.0 = Release|Any CPU
		{4D04AFF6-5EB0-4EB5-8E1C-27E4A2D92857}.AppStore|iPhone.ActiveCfg = Release|Any CPU
		{4D04AFF6-5EB0-4EB5-8E1C-27E4A2D92857}.AppStore|iPhone.Build.0 = Release|Any CPU
		{4D04AFF6-5EB0-4EB5-8E1C-27E4A2D92857}.AppStore|iPhoneSimulator.ActiveCfg = Release|Any CPU
		{4D04AFF6-5EB0-4EB5-8E1C-27E4A2D92857}.AppStore|iPhoneSimulator.Build.0 = Release|Any CPU
		{4D04AFF6-5EB0-4EB5-8E1C-27E4A2D92857}.AppStore|x64.ActiveCfg = Release|Any CPU
		{4D04AFF6-5EB0-4EB5-8E1C-27E4A2D92857}.AppStore|x64.Build.0 = Release|Any CPU
		{4D04AFF6-5EB0-4EB5-8E1C-27E4A2D92857}.AppStore|x86.ActiveCfg = Release|Any CPU
		{4D04AFF6-5EB0-4EB5-8E1C-27E4A2D92857}.AppStore|x86.Build.0 = Release|Any CPU
		{4D04AFF6-5EB0-4EB5-8E1C-27E4A2D92857}.Debug|Any CPU.ActiveCfg = Debug|Any CPU
		{4D04AFF6-5EB0-4EB5-8E1C-27E4A2D92857}.Debug|Any CPU.Build.0 = Debug|Any CPU
		{4D04AFF6-5EB0-4EB5-8E1C-27E4A2D92857}.Debug|ARM.ActiveCfg = Debug|Any CPU
		{4D04AFF6-5EB0-4EB5-8E1C-27E4A2D92857}.Debug|ARM.Build.0 = Debug|Any CPU
		{4D04AFF6-5EB0-4EB5-8E1C-27E4A2D92857}.Debug|iPhone.ActiveCfg = Debug|Any CPU
		{4D04AFF6-5EB0-4EB5-8E1C-27E4A2D92857}.Debug|iPhone.Build.0 = Debug|Any CPU
		{4D04AFF6-5EB0-4EB5-8E1C-27E4A2D92857}.Debug|iPhoneSimulator.ActiveCfg = Debug|Any CPU
		{4D04AFF6-5EB0-4EB5-8E1C-27E4A2D92857}.Debug|iPhoneSimulator.Build.0 = Debug|Any CPU
		{4D04AFF6-5EB0-4EB5-8E1C-27E4A2D92857}.Debug|x64.ActiveCfg = Debug|Any CPU
		{4D04AFF6-5EB0-4EB5-8E1C-27E4A2D92857}.Debug|x64.Build.0 = Debug|Any CPU
		{4D04AFF6-5EB0-4EB5-8E1C-27E4A2D92857}.Debug|x86.ActiveCfg = Debug|Any CPU
		{4D04AFF6-5EB0-4EB5-8E1C-27E4A2D92857}.Debug|x86.Build.0 = Debug|Any CPU
		{4D04AFF6-5EB0-4EB5-8E1C-27E4A2D92857}.Release|Any CPU.ActiveCfg = Release|Any CPU
		{4D04AFF6-5EB0-4EB5-8E1C-27E4A2D92857}.Release|Any CPU.Build.0 = Release|Any CPU
		{4D04AFF6-5EB0-4EB5-8E1C-27E4A2D92857}.Release|ARM.ActiveCfg = Release|Any CPU
		{4D04AFF6-5EB0-4EB5-8E1C-27E4A2D92857}.Release|ARM.Build.0 = Release|Any CPU
		{4D04AFF6-5EB0-4EB5-8E1C-27E4A2D92857}.Release|iPhone.ActiveCfg = Release|Any CPU
		{4D04AFF6-5EB0-4EB5-8E1C-27E4A2D92857}.Release|iPhone.Build.0 = Release|Any CPU
		{4D04AFF6-5EB0-4EB5-8E1C-27E4A2D92857}.Release|iPhoneSimulator.ActiveCfg = Release|Any CPU
		{4D04AFF6-5EB0-4EB5-8E1C-27E4A2D92857}.Release|iPhoneSimulator.Build.0 = Release|Any CPU
		{4D04AFF6-5EB0-4EB5-8E1C-27E4A2D92857}.Release|x64.ActiveCfg = Release|Any CPU
		{4D04AFF6-5EB0-4EB5-8E1C-27E4A2D92857}.Release|x64.Build.0 = Release|Any CPU
		{4D04AFF6-5EB0-4EB5-8E1C-27E4A2D92857}.Release|x86.ActiveCfg = Release|Any CPU
		{4D04AFF6-5EB0-4EB5-8E1C-27E4A2D92857}.Release|x86.Build.0 = Release|Any CPU
		{C423D41B-C732-4817-8AEB-B58B6281FFD1}.Ad-Hoc|Any CPU.ActiveCfg = Release|Any CPU
		{C423D41B-C732-4817-8AEB-B58B6281FFD1}.Ad-Hoc|Any CPU.Build.0 = Release|Any CPU
		{C423D41B-C732-4817-8AEB-B58B6281FFD1}.Ad-Hoc|ARM.ActiveCfg = Release|Any CPU
		{C423D41B-C732-4817-8AEB-B58B6281FFD1}.Ad-Hoc|ARM.Build.0 = Release|Any CPU
		{C423D41B-C732-4817-8AEB-B58B6281FFD1}.Ad-Hoc|iPhone.ActiveCfg = Release|Any CPU
		{C423D41B-C732-4817-8AEB-B58B6281FFD1}.Ad-Hoc|iPhone.Build.0 = Release|Any CPU
		{C423D41B-C732-4817-8AEB-B58B6281FFD1}.Ad-Hoc|iPhoneSimulator.ActiveCfg = Release|Any CPU
		{C423D41B-C732-4817-8AEB-B58B6281FFD1}.Ad-Hoc|iPhoneSimulator.Build.0 = Release|Any CPU
		{C423D41B-C732-4817-8AEB-B58B6281FFD1}.Ad-Hoc|x64.ActiveCfg = Release|Any CPU
		{C423D41B-C732-4817-8AEB-B58B6281FFD1}.Ad-Hoc|x64.Build.0 = Release|Any CPU
		{C423D41B-C732-4817-8AEB-B58B6281FFD1}.Ad-Hoc|x86.ActiveCfg = Release|Any CPU
		{C423D41B-C732-4817-8AEB-B58B6281FFD1}.Ad-Hoc|x86.Build.0 = Release|Any CPU
		{C423D41B-C732-4817-8AEB-B58B6281FFD1}.AppStore|Any CPU.ActiveCfg = Release|Any CPU
		{C423D41B-C732-4817-8AEB-B58B6281FFD1}.AppStore|Any CPU.Build.0 = Release|Any CPU
		{C423D41B-C732-4817-8AEB-B58B6281FFD1}.AppStore|ARM.ActiveCfg = Release|Any CPU
		{C423D41B-C732-4817-8AEB-B58B6281FFD1}.AppStore|ARM.Build.0 = Release|Any CPU
		{C423D41B-C732-4817-8AEB-B58B6281FFD1}.AppStore|iPhone.ActiveCfg = Release|Any CPU
		{C423D41B-C732-4817-8AEB-B58B6281FFD1}.AppStore|iPhone.Build.0 = Release|Any CPU
		{C423D41B-C732-4817-8AEB-B58B6281FFD1}.AppStore|iPhoneSimulator.ActiveCfg = Release|Any CPU
		{C423D41B-C732-4817-8AEB-B58B6281FFD1}.AppStore|iPhoneSimulator.Build.0 = Release|Any CPU
		{C423D41B-C732-4817-8AEB-B58B6281FFD1}.AppStore|x64.ActiveCfg = Release|Any CPU
		{C423D41B-C732-4817-8AEB-B58B6281FFD1}.AppStore|x64.Build.0 = Release|Any CPU
		{C423D41B-C732-4817-8AEB-B58B6281FFD1}.AppStore|x86.ActiveCfg = Release|Any CPU
		{C423D41B-C732-4817-8AEB-B58B6281FFD1}.AppStore|x86.Build.0 = Release|Any CPU
		{C423D41B-C732-4817-8AEB-B58B6281FFD1}.Debug|Any CPU.ActiveCfg = Debug|Any CPU
		{C423D41B-C732-4817-8AEB-B58B6281FFD1}.Debug|Any CPU.Build.0 = Debug|Any CPU
		{C423D41B-C732-4817-8AEB-B58B6281FFD1}.Debug|ARM.ActiveCfg = Debug|Any CPU
		{C423D41B-C732-4817-8AEB-B58B6281FFD1}.Debug|ARM.Build.0 = Debug|Any CPU
		{C423D41B-C732-4817-8AEB-B58B6281FFD1}.Debug|iPhone.ActiveCfg = Debug|Any CPU
		{C423D41B-C732-4817-8AEB-B58B6281FFD1}.Debug|iPhone.Build.0 = Debug|Any CPU
		{C423D41B-C732-4817-8AEB-B58B6281FFD1}.Debug|iPhoneSimulator.ActiveCfg = Debug|Any CPU
		{C423D41B-C732-4817-8AEB-B58B6281FFD1}.Debug|iPhoneSimulator.Build.0 = Debug|Any CPU
		{C423D41B-C732-4817-8AEB-B58B6281FFD1}.Debug|x64.ActiveCfg = Debug|Any CPU
		{C423D41B-C732-4817-8AEB-B58B6281FFD1}.Debug|x64.Build.0 = Debug|Any CPU
		{C423D41B-C732-4817-8AEB-B58B6281FFD1}.Debug|x86.ActiveCfg = Debug|Any CPU
		{C423D41B-C732-4817-8AEB-B58B6281FFD1}.Debug|x86.Build.0 = Debug|Any CPU
		{C423D41B-C732-4817-8AEB-B58B6281FFD1}.Release|Any CPU.ActiveCfg = Release|Any CPU
		{C423D41B-C732-4817-8AEB-B58B6281FFD1}.Release|Any CPU.Build.0 = Release|Any CPU
		{C423D41B-C732-4817-8AEB-B58B6281FFD1}.Release|ARM.ActiveCfg = Release|Any CPU
		{C423D41B-C732-4817-8AEB-B58B6281FFD1}.Release|ARM.Build.0 = Release|Any CPU
		{C423D41B-C732-4817-8AEB-B58B6281FFD1}.Release|iPhone.ActiveCfg = Release|Any CPU
		{C423D41B-C732-4817-8AEB-B58B6281FFD1}.Release|iPhone.Build.0 = Release|Any CPU
		{C423D41B-C732-4817-8AEB-B58B6281FFD1}.Release|iPhoneSimulator.ActiveCfg = Release|Any CPU
		{C423D41B-C732-4817-8AEB-B58B6281FFD1}.Release|iPhoneSimulator.Build.0 = Release|Any CPU
		{C423D41B-C732-4817-8AEB-B58B6281FFD1}.Release|x64.ActiveCfg = Release|Any CPU
		{C423D41B-C732-4817-8AEB-B58B6281FFD1}.Release|x64.Build.0 = Release|Any CPU
		{C423D41B-C732-4817-8AEB-B58B6281FFD1}.Release|x86.ActiveCfg = Release|Any CPU
		{C423D41B-C732-4817-8AEB-B58B6281FFD1}.Release|x86.Build.0 = Release|Any CPU
		{4F38827D-D3D4-4525-97B7-5DB62FE63BE1}.Ad-Hoc|Any CPU.ActiveCfg = Release|Any CPU
		{4F38827D-D3D4-4525-97B7-5DB62FE63BE1}.Ad-Hoc|Any CPU.Build.0 = Release|Any CPU
		{4F38827D-D3D4-4525-97B7-5DB62FE63BE1}.Ad-Hoc|ARM.ActiveCfg = Release|Any CPU
		{4F38827D-D3D4-4525-97B7-5DB62FE63BE1}.Ad-Hoc|ARM.Build.0 = Release|Any CPU
		{4F38827D-D3D4-4525-97B7-5DB62FE63BE1}.Ad-Hoc|iPhone.ActiveCfg = Release|Any CPU
		{4F38827D-D3D4-4525-97B7-5DB62FE63BE1}.Ad-Hoc|iPhone.Build.0 = Release|Any CPU
		{4F38827D-D3D4-4525-97B7-5DB62FE63BE1}.Ad-Hoc|iPhoneSimulator.ActiveCfg = Release|Any CPU
		{4F38827D-D3D4-4525-97B7-5DB62FE63BE1}.Ad-Hoc|iPhoneSimulator.Build.0 = Release|Any CPU
		{4F38827D-D3D4-4525-97B7-5DB62FE63BE1}.Ad-Hoc|x64.ActiveCfg = Release|Any CPU
		{4F38827D-D3D4-4525-97B7-5DB62FE63BE1}.Ad-Hoc|x64.Build.0 = Release|Any CPU
		{4F38827D-D3D4-4525-97B7-5DB62FE63BE1}.Ad-Hoc|x86.ActiveCfg = Release|Any CPU
		{4F38827D-D3D4-4525-97B7-5DB62FE63BE1}.Ad-Hoc|x86.Build.0 = Release|Any CPU
		{4F38827D-D3D4-4525-97B7-5DB62FE63BE1}.AppStore|Any CPU.ActiveCfg = Release|Any CPU
		{4F38827D-D3D4-4525-97B7-5DB62FE63BE1}.AppStore|Any CPU.Build.0 = Release|Any CPU
		{4F38827D-D3D4-4525-97B7-5DB62FE63BE1}.AppStore|ARM.ActiveCfg = Release|Any CPU
		{4F38827D-D3D4-4525-97B7-5DB62FE63BE1}.AppStore|ARM.Build.0 = Release|Any CPU
		{4F38827D-D3D4-4525-97B7-5DB62FE63BE1}.AppStore|iPhone.ActiveCfg = Release|Any CPU
		{4F38827D-D3D4-4525-97B7-5DB62FE63BE1}.AppStore|iPhone.Build.0 = Release|Any CPU
		{4F38827D-D3D4-4525-97B7-5DB62FE63BE1}.AppStore|iPhoneSimulator.ActiveCfg = Release|Any CPU
		{4F38827D-D3D4-4525-97B7-5DB62FE63BE1}.AppStore|iPhoneSimulator.Build.0 = Release|Any CPU
		{4F38827D-D3D4-4525-97B7-5DB62FE63BE1}.AppStore|x64.ActiveCfg = Release|Any CPU
		{4F38827D-D3D4-4525-97B7-5DB62FE63BE1}.AppStore|x64.Build.0 = Release|Any CPU
		{4F38827D-D3D4-4525-97B7-5DB62FE63BE1}.AppStore|x86.ActiveCfg = Release|Any CPU
		{4F38827D-D3D4-4525-97B7-5DB62FE63BE1}.AppStore|x86.Build.0 = Release|Any CPU
		{4F38827D-D3D4-4525-97B7-5DB62FE63BE1}.Debug|Any CPU.ActiveCfg = Debug|Any CPU
		{4F38827D-D3D4-4525-97B7-5DB62FE63BE1}.Debug|Any CPU.Build.0 = Debug|Any CPU
		{4F38827D-D3D4-4525-97B7-5DB62FE63BE1}.Debug|ARM.ActiveCfg = Debug|Any CPU
		{4F38827D-D3D4-4525-97B7-5DB62FE63BE1}.Debug|ARM.Build.0 = Debug|Any CPU
		{4F38827D-D3D4-4525-97B7-5DB62FE63BE1}.Debug|iPhone.ActiveCfg = Debug|Any CPU
		{4F38827D-D3D4-4525-97B7-5DB62FE63BE1}.Debug|iPhone.Build.0 = Debug|Any CPU
		{4F38827D-D3D4-4525-97B7-5DB62FE63BE1}.Debug|iPhoneSimulator.ActiveCfg = Debug|Any CPU
		{4F38827D-D3D4-4525-97B7-5DB62FE63BE1}.Debug|iPhoneSimulator.Build.0 = Debug|Any CPU
		{4F38827D-D3D4-4525-97B7-5DB62FE63BE1}.Debug|x64.ActiveCfg = Debug|Any CPU
		{4F38827D-D3D4-4525-97B7-5DB62FE63BE1}.Debug|x64.Build.0 = Debug|Any CPU
		{4F38827D-D3D4-4525-97B7-5DB62FE63BE1}.Debug|x86.ActiveCfg = Debug|Any CPU
		{4F38827D-D3D4-4525-97B7-5DB62FE63BE1}.Debug|x86.Build.0 = Debug|Any CPU
		{4F38827D-D3D4-4525-97B7-5DB62FE63BE1}.Release|Any CPU.ActiveCfg = Release|Any CPU
		{4F38827D-D3D4-4525-97B7-5DB62FE63BE1}.Release|Any CPU.Build.0 = Release|Any CPU
		{4F38827D-D3D4-4525-97B7-5DB62FE63BE1}.Release|ARM.ActiveCfg = Release|Any CPU
		{4F38827D-D3D4-4525-97B7-5DB62FE63BE1}.Release|ARM.Build.0 = Release|Any CPU
		{4F38827D-D3D4-4525-97B7-5DB62FE63BE1}.Release|iPhone.ActiveCfg = Release|Any CPU
		{4F38827D-D3D4-4525-97B7-5DB62FE63BE1}.Release|iPhone.Build.0 = Release|Any CPU
		{4F38827D-D3D4-4525-97B7-5DB62FE63BE1}.Release|iPhoneSimulator.ActiveCfg = Release|Any CPU
		{4F38827D-D3D4-4525-97B7-5DB62FE63BE1}.Release|iPhoneSimulator.Build.0 = Release|Any CPU
		{4F38827D-D3D4-4525-97B7-5DB62FE63BE1}.Release|x64.ActiveCfg = Release|Any CPU
		{4F38827D-D3D4-4525-97B7-5DB62FE63BE1}.Release|x64.Build.0 = Release|Any CPU
		{4F38827D-D3D4-4525-97B7-5DB62FE63BE1}.Release|x86.ActiveCfg = Release|Any CPU
		{4F38827D-D3D4-4525-97B7-5DB62FE63BE1}.Release|x86.Build.0 = Release|Any CPU
		{687E3A4C-E342-47AD-97AA-42BE7CFE8504}.Ad-Hoc|Any CPU.ActiveCfg = Release|Any CPU
		{687E3A4C-E342-47AD-97AA-42BE7CFE8504}.Ad-Hoc|Any CPU.Build.0 = Release|Any CPU
		{687E3A4C-E342-47AD-97AA-42BE7CFE8504}.Ad-Hoc|Any CPU.Deploy.0 = Release|Any CPU
		{687E3A4C-E342-47AD-97AA-42BE7CFE8504}.Ad-Hoc|ARM.ActiveCfg = Release|Any CPU
		{687E3A4C-E342-47AD-97AA-42BE7CFE8504}.Ad-Hoc|ARM.Build.0 = Release|Any CPU
		{687E3A4C-E342-47AD-97AA-42BE7CFE8504}.Ad-Hoc|ARM.Deploy.0 = Release|Any CPU
		{687E3A4C-E342-47AD-97AA-42BE7CFE8504}.Ad-Hoc|iPhone.ActiveCfg = Release|Any CPU
		{687E3A4C-E342-47AD-97AA-42BE7CFE8504}.Ad-Hoc|iPhone.Build.0 = Release|Any CPU
		{687E3A4C-E342-47AD-97AA-42BE7CFE8504}.Ad-Hoc|iPhone.Deploy.0 = Release|Any CPU
		{687E3A4C-E342-47AD-97AA-42BE7CFE8504}.Ad-Hoc|iPhoneSimulator.ActiveCfg = Release|Any CPU
		{687E3A4C-E342-47AD-97AA-42BE7CFE8504}.Ad-Hoc|iPhoneSimulator.Build.0 = Release|Any CPU
		{687E3A4C-E342-47AD-97AA-42BE7CFE8504}.Ad-Hoc|iPhoneSimulator.Deploy.0 = Release|Any CPU
		{687E3A4C-E342-47AD-97AA-42BE7CFE8504}.Ad-Hoc|x64.ActiveCfg = Release|Any CPU
		{687E3A4C-E342-47AD-97AA-42BE7CFE8504}.Ad-Hoc|x64.Build.0 = Release|Any CPU
		{687E3A4C-E342-47AD-97AA-42BE7CFE8504}.Ad-Hoc|x64.Deploy.0 = Release|Any CPU
		{687E3A4C-E342-47AD-97AA-42BE7CFE8504}.Ad-Hoc|x86.ActiveCfg = Release|Any CPU
		{687E3A4C-E342-47AD-97AA-42BE7CFE8504}.Ad-Hoc|x86.Build.0 = Release|Any CPU
		{687E3A4C-E342-47AD-97AA-42BE7CFE8504}.Ad-Hoc|x86.Deploy.0 = Release|Any CPU
		{687E3A4C-E342-47AD-97AA-42BE7CFE8504}.AppStore|Any CPU.ActiveCfg = Release|Any CPU
		{687E3A4C-E342-47AD-97AA-42BE7CFE8504}.AppStore|Any CPU.Build.0 = Release|Any CPU
		{687E3A4C-E342-47AD-97AA-42BE7CFE8504}.AppStore|Any CPU.Deploy.0 = Release|Any CPU
		{687E3A4C-E342-47AD-97AA-42BE7CFE8504}.AppStore|ARM.ActiveCfg = Release|Any CPU
		{687E3A4C-E342-47AD-97AA-42BE7CFE8504}.AppStore|ARM.Build.0 = Release|Any CPU
		{687E3A4C-E342-47AD-97AA-42BE7CFE8504}.AppStore|ARM.Deploy.0 = Release|Any CPU
		{687E3A4C-E342-47AD-97AA-42BE7CFE8504}.AppStore|iPhone.ActiveCfg = Release|Any CPU
		{687E3A4C-E342-47AD-97AA-42BE7CFE8504}.AppStore|iPhone.Build.0 = Release|Any CPU
		{687E3A4C-E342-47AD-97AA-42BE7CFE8504}.AppStore|iPhone.Deploy.0 = Release|Any CPU
		{687E3A4C-E342-47AD-97AA-42BE7CFE8504}.AppStore|iPhoneSimulator.ActiveCfg = Release|Any CPU
		{687E3A4C-E342-47AD-97AA-42BE7CFE8504}.AppStore|iPhoneSimulator.Build.0 = Release|Any CPU
		{687E3A4C-E342-47AD-97AA-42BE7CFE8504}.AppStore|iPhoneSimulator.Deploy.0 = Release|Any CPU
		{687E3A4C-E342-47AD-97AA-42BE7CFE8504}.AppStore|x64.ActiveCfg = Release|Any CPU
		{687E3A4C-E342-47AD-97AA-42BE7CFE8504}.AppStore|x64.Build.0 = Release|Any CPU
		{687E3A4C-E342-47AD-97AA-42BE7CFE8504}.AppStore|x64.Deploy.0 = Release|Any CPU
		{687E3A4C-E342-47AD-97AA-42BE7CFE8504}.AppStore|x86.ActiveCfg = Release|Any CPU
		{687E3A4C-E342-47AD-97AA-42BE7CFE8504}.AppStore|x86.Build.0 = Release|Any CPU
		{687E3A4C-E342-47AD-97AA-42BE7CFE8504}.AppStore|x86.Deploy.0 = Release|Any CPU
		{687E3A4C-E342-47AD-97AA-42BE7CFE8504}.Debug|Any CPU.ActiveCfg = Debug|Any CPU
		{687E3A4C-E342-47AD-97AA-42BE7CFE8504}.Debug|Any CPU.Build.0 = Debug|Any CPU
		{687E3A4C-E342-47AD-97AA-42BE7CFE8504}.Debug|Any CPU.Deploy.0 = Debug|Any CPU
		{687E3A4C-E342-47AD-97AA-42BE7CFE8504}.Debug|ARM.ActiveCfg = Debug|Any CPU
		{687E3A4C-E342-47AD-97AA-42BE7CFE8504}.Debug|ARM.Build.0 = Debug|Any CPU
		{687E3A4C-E342-47AD-97AA-42BE7CFE8504}.Debug|ARM.Deploy.0 = Debug|Any CPU
		{687E3A4C-E342-47AD-97AA-42BE7CFE8504}.Debug|iPhone.ActiveCfg = Debug|Any CPU
		{687E3A4C-E342-47AD-97AA-42BE7CFE8504}.Debug|iPhone.Build.0 = Debug|Any CPU
		{687E3A4C-E342-47AD-97AA-42BE7CFE8504}.Debug|iPhone.Deploy.0 = Debug|Any CPU
		{687E3A4C-E342-47AD-97AA-42BE7CFE8504}.Debug|iPhoneSimulator.ActiveCfg = Debug|Any CPU
		{687E3A4C-E342-47AD-97AA-42BE7CFE8504}.Debug|iPhoneSimulator.Build.0 = Debug|Any CPU
		{687E3A4C-E342-47AD-97AA-42BE7CFE8504}.Debug|iPhoneSimulator.Deploy.0 = Debug|Any CPU
		{687E3A4C-E342-47AD-97AA-42BE7CFE8504}.Debug|x64.ActiveCfg = Debug|Any CPU
		{687E3A4C-E342-47AD-97AA-42BE7CFE8504}.Debug|x64.Build.0 = Debug|Any CPU
		{687E3A4C-E342-47AD-97AA-42BE7CFE8504}.Debug|x64.Deploy.0 = Debug|Any CPU
		{687E3A4C-E342-47AD-97AA-42BE7CFE8504}.Debug|x86.ActiveCfg = Debug|Any CPU
		{687E3A4C-E342-47AD-97AA-42BE7CFE8504}.Debug|x86.Build.0 = Debug|Any CPU
		{687E3A4C-E342-47AD-97AA-42BE7CFE8504}.Debug|x86.Deploy.0 = Debug|Any CPU
		{687E3A4C-E342-47AD-97AA-42BE7CFE8504}.Release|Any CPU.ActiveCfg = Release|Any CPU
		{687E3A4C-E342-47AD-97AA-42BE7CFE8504}.Release|Any CPU.Build.0 = Release|Any CPU
		{687E3A4C-E342-47AD-97AA-42BE7CFE8504}.Release|Any CPU.Deploy.0 = Release|Any CPU
		{687E3A4C-E342-47AD-97AA-42BE7CFE8504}.Release|ARM.ActiveCfg = Release|Any CPU
		{687E3A4C-E342-47AD-97AA-42BE7CFE8504}.Release|ARM.Build.0 = Release|Any CPU
		{687E3A4C-E342-47AD-97AA-42BE7CFE8504}.Release|ARM.Deploy.0 = Release|Any CPU
		{687E3A4C-E342-47AD-97AA-42BE7CFE8504}.Release|iPhone.ActiveCfg = Release|Any CPU
		{687E3A4C-E342-47AD-97AA-42BE7CFE8504}.Release|iPhone.Build.0 = Release|Any CPU
		{687E3A4C-E342-47AD-97AA-42BE7CFE8504}.Release|iPhone.Deploy.0 = Release|Any CPU
		{687E3A4C-E342-47AD-97AA-42BE7CFE8504}.Release|iPhoneSimulator.ActiveCfg = Release|Any CPU
		{687E3A4C-E342-47AD-97AA-42BE7CFE8504}.Release|iPhoneSimulator.Build.0 = Release|Any CPU
		{687E3A4C-E342-47AD-97AA-42BE7CFE8504}.Release|iPhoneSimulator.Deploy.0 = Release|Any CPU
		{687E3A4C-E342-47AD-97AA-42BE7CFE8504}.Release|x64.ActiveCfg = Release|Any CPU
		{687E3A4C-E342-47AD-97AA-42BE7CFE8504}.Release|x64.Build.0 = Release|Any CPU
		{687E3A4C-E342-47AD-97AA-42BE7CFE8504}.Release|x64.Deploy.0 = Release|Any CPU
		{687E3A4C-E342-47AD-97AA-42BE7CFE8504}.Release|x86.ActiveCfg = Release|Any CPU
		{687E3A4C-E342-47AD-97AA-42BE7CFE8504}.Release|x86.Build.0 = Release|Any CPU
		{687E3A4C-E342-47AD-97AA-42BE7CFE8504}.Release|x86.Deploy.0 = Release|Any CPU
		{9007655A-20F1-415E-B900-373E9202CEB0}.Ad-Hoc|Any CPU.ActiveCfg = Release|Any CPU
		{9007655A-20F1-415E-B900-373E9202CEB0}.Ad-Hoc|Any CPU.Build.0 = Release|Any CPU
		{9007655A-20F1-415E-B900-373E9202CEB0}.Ad-Hoc|ARM.ActiveCfg = Release|Any CPU
		{9007655A-20F1-415E-B900-373E9202CEB0}.Ad-Hoc|ARM.Build.0 = Release|Any CPU
		{9007655A-20F1-415E-B900-373E9202CEB0}.Ad-Hoc|iPhone.ActiveCfg = Release|Any CPU
		{9007655A-20F1-415E-B900-373E9202CEB0}.Ad-Hoc|iPhone.Build.0 = Release|Any CPU
		{9007655A-20F1-415E-B900-373E9202CEB0}.Ad-Hoc|iPhoneSimulator.ActiveCfg = Release|Any CPU
		{9007655A-20F1-415E-B900-373E9202CEB0}.Ad-Hoc|iPhoneSimulator.Build.0 = Release|Any CPU
		{9007655A-20F1-415E-B900-373E9202CEB0}.Ad-Hoc|x64.ActiveCfg = Release|Any CPU
		{9007655A-20F1-415E-B900-373E9202CEB0}.Ad-Hoc|x64.Build.0 = Release|Any CPU
		{9007655A-20F1-415E-B900-373E9202CEB0}.Ad-Hoc|x86.ActiveCfg = Release|Any CPU
		{9007655A-20F1-415E-B900-373E9202CEB0}.Ad-Hoc|x86.Build.0 = Release|Any CPU
		{9007655A-20F1-415E-B900-373E9202CEB0}.AppStore|Any CPU.ActiveCfg = Release|Any CPU
		{9007655A-20F1-415E-B900-373E9202CEB0}.AppStore|Any CPU.Build.0 = Release|Any CPU
		{9007655A-20F1-415E-B900-373E9202CEB0}.AppStore|ARM.ActiveCfg = Release|Any CPU
		{9007655A-20F1-415E-B900-373E9202CEB0}.AppStore|ARM.Build.0 = Release|Any CPU
		{9007655A-20F1-415E-B900-373E9202CEB0}.AppStore|iPhone.ActiveCfg = Release|Any CPU
		{9007655A-20F1-415E-B900-373E9202CEB0}.AppStore|iPhone.Build.0 = Release|Any CPU
		{9007655A-20F1-415E-B900-373E9202CEB0}.AppStore|iPhoneSimulator.ActiveCfg = Release|Any CPU
		{9007655A-20F1-415E-B900-373E9202CEB0}.AppStore|iPhoneSimulator.Build.0 = Release|Any CPU
		{9007655A-20F1-415E-B900-373E9202CEB0}.AppStore|x64.ActiveCfg = Release|Any CPU
		{9007655A-20F1-415E-B900-373E9202CEB0}.AppStore|x64.Build.0 = Release|Any CPU
		{9007655A-20F1-415E-B900-373E9202CEB0}.AppStore|x86.ActiveCfg = Release|Any CPU
		{9007655A-20F1-415E-B900-373E9202CEB0}.AppStore|x86.Build.0 = Release|Any CPU
		{9007655A-20F1-415E-B900-373E9202CEB0}.Debug|Any CPU.ActiveCfg = Debug|Any CPU
		{9007655A-20F1-415E-B900-373E9202CEB0}.Debug|Any CPU.Build.0 = Debug|Any CPU
		{9007655A-20F1-415E-B900-373E9202CEB0}.Debug|ARM.ActiveCfg = Debug|Any CPU
		{9007655A-20F1-415E-B900-373E9202CEB0}.Debug|ARM.Build.0 = Debug|Any CPU
		{9007655A-20F1-415E-B900-373E9202CEB0}.Debug|iPhone.ActiveCfg = Debug|Any CPU
		{9007655A-20F1-415E-B900-373E9202CEB0}.Debug|iPhone.Build.0 = Debug|Any CPU
		{9007655A-20F1-415E-B900-373E9202CEB0}.Debug|iPhoneSimulator.ActiveCfg = Debug|Any CPU
		{9007655A-20F1-415E-B900-373E9202CEB0}.Debug|iPhoneSimulator.Build.0 = Debug|Any CPU
		{9007655A-20F1-415E-B900-373E9202CEB0}.Debug|x64.ActiveCfg = Debug|Any CPU
		{9007655A-20F1-415E-B900-373E9202CEB0}.Debug|x64.Build.0 = Debug|Any CPU
		{9007655A-20F1-415E-B900-373E9202CEB0}.Debug|x86.ActiveCfg = Debug|Any CPU
		{9007655A-20F1-415E-B900-373E9202CEB0}.Debug|x86.Build.0 = Debug|Any CPU
		{9007655A-20F1-415E-B900-373E9202CEB0}.Release|Any CPU.ActiveCfg = Release|Any CPU
		{9007655A-20F1-415E-B900-373E9202CEB0}.Release|Any CPU.Build.0 = Release|Any CPU
		{9007655A-20F1-415E-B900-373E9202CEB0}.Release|ARM.ActiveCfg = Release|Any CPU
		{9007655A-20F1-415E-B900-373E9202CEB0}.Release|ARM.Build.0 = Release|Any CPU
		{9007655A-20F1-415E-B900-373E9202CEB0}.Release|iPhone.ActiveCfg = Release|Any CPU
		{9007655A-20F1-415E-B900-373E9202CEB0}.Release|iPhone.Build.0 = Release|Any CPU
		{9007655A-20F1-415E-B900-373E9202CEB0}.Release|iPhoneSimulator.ActiveCfg = Release|Any CPU
		{9007655A-20F1-415E-B900-373E9202CEB0}.Release|iPhoneSimulator.Build.0 = Release|Any CPU
		{9007655A-20F1-415E-B900-373E9202CEB0}.Release|x64.ActiveCfg = Release|Any CPU
		{9007655A-20F1-415E-B900-373E9202CEB0}.Release|x64.Build.0 = Release|Any CPU
		{9007655A-20F1-415E-B900-373E9202CEB0}.Release|x86.ActiveCfg = Release|Any CPU
		{9007655A-20F1-415E-B900-373E9202CEB0}.Release|x86.Build.0 = Release|Any CPU
		{DE31D5A0-66FF-4928-86E7-DEE9CC87845D}.Ad-Hoc|Any CPU.ActiveCfg = Release|x86
		{DE31D5A0-66FF-4928-86E7-DEE9CC87845D}.Ad-Hoc|Any CPU.Build.0 = Release|x86
		{DE31D5A0-66FF-4928-86E7-DEE9CC87845D}.Ad-Hoc|Any CPU.Deploy.0 = Release|x86
		{DE31D5A0-66FF-4928-86E7-DEE9CC87845D}.Ad-Hoc|ARM.ActiveCfg = Release|ARM
		{DE31D5A0-66FF-4928-86E7-DEE9CC87845D}.Ad-Hoc|ARM.Build.0 = Release|ARM
		{DE31D5A0-66FF-4928-86E7-DEE9CC87845D}.Ad-Hoc|ARM.Deploy.0 = Release|ARM
		{DE31D5A0-66FF-4928-86E7-DEE9CC87845D}.Ad-Hoc|iPhone.ActiveCfg = Release|x86
		{DE31D5A0-66FF-4928-86E7-DEE9CC87845D}.Ad-Hoc|iPhone.Build.0 = Release|x86
		{DE31D5A0-66FF-4928-86E7-DEE9CC87845D}.Ad-Hoc|iPhone.Deploy.0 = Release|x86
		{DE31D5A0-66FF-4928-86E7-DEE9CC87845D}.Ad-Hoc|iPhoneSimulator.ActiveCfg = Release|x86
		{DE31D5A0-66FF-4928-86E7-DEE9CC87845D}.Ad-Hoc|iPhoneSimulator.Build.0 = Release|x86
		{DE31D5A0-66FF-4928-86E7-DEE9CC87845D}.Ad-Hoc|iPhoneSimulator.Deploy.0 = Release|x86
		{DE31D5A0-66FF-4928-86E7-DEE9CC87845D}.Ad-Hoc|x64.ActiveCfg = Release|x64
		{DE31D5A0-66FF-4928-86E7-DEE9CC87845D}.Ad-Hoc|x64.Build.0 = Release|x64
		{DE31D5A0-66FF-4928-86E7-DEE9CC87845D}.Ad-Hoc|x64.Deploy.0 = Release|x64
		{DE31D5A0-66FF-4928-86E7-DEE9CC87845D}.Ad-Hoc|x86.ActiveCfg = Release|x86
		{DE31D5A0-66FF-4928-86E7-DEE9CC87845D}.Ad-Hoc|x86.Build.0 = Release|x86
		{DE31D5A0-66FF-4928-86E7-DEE9CC87845D}.Ad-Hoc|x86.Deploy.0 = Release|x86
		{DE31D5A0-66FF-4928-86E7-DEE9CC87845D}.AppStore|Any CPU.ActiveCfg = Release|x86
		{DE31D5A0-66FF-4928-86E7-DEE9CC87845D}.AppStore|Any CPU.Build.0 = Release|x86
		{DE31D5A0-66FF-4928-86E7-DEE9CC87845D}.AppStore|Any CPU.Deploy.0 = Release|x86
		{DE31D5A0-66FF-4928-86E7-DEE9CC87845D}.AppStore|ARM.ActiveCfg = Release|ARM
		{DE31D5A0-66FF-4928-86E7-DEE9CC87845D}.AppStore|ARM.Build.0 = Release|ARM
		{DE31D5A0-66FF-4928-86E7-DEE9CC87845D}.AppStore|ARM.Deploy.0 = Release|ARM
		{DE31D5A0-66FF-4928-86E7-DEE9CC87845D}.AppStore|iPhone.ActiveCfg = Release|x86
		{DE31D5A0-66FF-4928-86E7-DEE9CC87845D}.AppStore|iPhone.Build.0 = Release|x86
		{DE31D5A0-66FF-4928-86E7-DEE9CC87845D}.AppStore|iPhone.Deploy.0 = Release|x86
		{DE31D5A0-66FF-4928-86E7-DEE9CC87845D}.AppStore|iPhoneSimulator.ActiveCfg = Release|x86
		{DE31D5A0-66FF-4928-86E7-DEE9CC87845D}.AppStore|iPhoneSimulator.Build.0 = Release|x86
		{DE31D5A0-66FF-4928-86E7-DEE9CC87845D}.AppStore|iPhoneSimulator.Deploy.0 = Release|x86
		{DE31D5A0-66FF-4928-86E7-DEE9CC87845D}.AppStore|x64.ActiveCfg = Release|x64
		{DE31D5A0-66FF-4928-86E7-DEE9CC87845D}.AppStore|x64.Build.0 = Release|x64
		{DE31D5A0-66FF-4928-86E7-DEE9CC87845D}.AppStore|x64.Deploy.0 = Release|x64
		{DE31D5A0-66FF-4928-86E7-DEE9CC87845D}.AppStore|x86.ActiveCfg = Release|x86
		{DE31D5A0-66FF-4928-86E7-DEE9CC87845D}.AppStore|x86.Build.0 = Release|x86
		{DE31D5A0-66FF-4928-86E7-DEE9CC87845D}.AppStore|x86.Deploy.0 = Release|x86
		{DE31D5A0-66FF-4928-86E7-DEE9CC87845D}.Debug|Any CPU.ActiveCfg = Debug|x86
		{DE31D5A0-66FF-4928-86E7-DEE9CC87845D}.Debug|Any CPU.Deploy.0 = Debug|x86
		{DE31D5A0-66FF-4928-86E7-DEE9CC87845D}.Debug|ARM.ActiveCfg = Debug|ARM
		{DE31D5A0-66FF-4928-86E7-DEE9CC87845D}.Debug|ARM.Build.0 = Debug|ARM
		{DE31D5A0-66FF-4928-86E7-DEE9CC87845D}.Debug|ARM.Deploy.0 = Debug|ARM
		{DE31D5A0-66FF-4928-86E7-DEE9CC87845D}.Debug|iPhone.ActiveCfg = Debug|x86
		{DE31D5A0-66FF-4928-86E7-DEE9CC87845D}.Debug|iPhone.Deploy.0 = Debug|x86
		{DE31D5A0-66FF-4928-86E7-DEE9CC87845D}.Debug|iPhoneSimulator.ActiveCfg = Debug|x86
		{DE31D5A0-66FF-4928-86E7-DEE9CC87845D}.Debug|x64.ActiveCfg = Debug|x64
		{DE31D5A0-66FF-4928-86E7-DEE9CC87845D}.Debug|x64.Build.0 = Debug|x64
		{DE31D5A0-66FF-4928-86E7-DEE9CC87845D}.Debug|x64.Deploy.0 = Debug|x64
		{DE31D5A0-66FF-4928-86E7-DEE9CC87845D}.Debug|x86.ActiveCfg = Debug|x86
		{DE31D5A0-66FF-4928-86E7-DEE9CC87845D}.Debug|x86.Build.0 = Debug|x86
		{DE31D5A0-66FF-4928-86E7-DEE9CC87845D}.Debug|x86.Deploy.0 = Debug|x86
		{DE31D5A0-66FF-4928-86E7-DEE9CC87845D}.Release|Any CPU.ActiveCfg = Release|x86
		{DE31D5A0-66FF-4928-86E7-DEE9CC87845D}.Release|ARM.ActiveCfg = Release|ARM
		{DE31D5A0-66FF-4928-86E7-DEE9CC87845D}.Release|ARM.Build.0 = Release|ARM
		{DE31D5A0-66FF-4928-86E7-DEE9CC87845D}.Release|ARM.Deploy.0 = Release|ARM
		{DE31D5A0-66FF-4928-86E7-DEE9CC87845D}.Release|iPhone.ActiveCfg = Release|x86
		{DE31D5A0-66FF-4928-86E7-DEE9CC87845D}.Release|iPhoneSimulator.ActiveCfg = Release|x86
		{DE31D5A0-66FF-4928-86E7-DEE9CC87845D}.Release|x64.ActiveCfg = Release|x64
		{DE31D5A0-66FF-4928-86E7-DEE9CC87845D}.Release|x64.Build.0 = Release|x64
		{DE31D5A0-66FF-4928-86E7-DEE9CC87845D}.Release|x64.Deploy.0 = Release|x64
		{DE31D5A0-66FF-4928-86E7-DEE9CC87845D}.Release|x86.ActiveCfg = Release|x86
		{DE31D5A0-66FF-4928-86E7-DEE9CC87845D}.Release|x86.Build.0 = Release|x86
		{DE31D5A0-66FF-4928-86E7-DEE9CC87845D}.Release|x86.Deploy.0 = Release|x86
		{1463B94B-E4E8-4E47-AD10-AEF2B823C938}.Ad-Hoc|Any CPU.ActiveCfg = Ad-Hoc|iPhone
		{1463B94B-E4E8-4E47-AD10-AEF2B823C938}.Ad-Hoc|ARM.ActiveCfg = Ad-Hoc|iPhone
		{1463B94B-E4E8-4E47-AD10-AEF2B823C938}.Ad-Hoc|iPhone.ActiveCfg = Ad-Hoc|iPhone
		{1463B94B-E4E8-4E47-AD10-AEF2B823C938}.Ad-Hoc|iPhone.Build.0 = Ad-Hoc|iPhone
		{1463B94B-E4E8-4E47-AD10-AEF2B823C938}.Ad-Hoc|iPhoneSimulator.ActiveCfg = Ad-Hoc|iPhoneSimulator
		{1463B94B-E4E8-4E47-AD10-AEF2B823C938}.Ad-Hoc|iPhoneSimulator.Build.0 = Ad-Hoc|iPhoneSimulator
		{1463B94B-E4E8-4E47-AD10-AEF2B823C938}.Ad-Hoc|x64.ActiveCfg = Ad-Hoc|iPhone
		{1463B94B-E4E8-4E47-AD10-AEF2B823C938}.Ad-Hoc|x86.ActiveCfg = Ad-Hoc|iPhone
		{1463B94B-E4E8-4E47-AD10-AEF2B823C938}.AppStore|Any CPU.ActiveCfg = AppStore|iPhone
		{1463B94B-E4E8-4E47-AD10-AEF2B823C938}.AppStore|ARM.ActiveCfg = AppStore|iPhone
		{1463B94B-E4E8-4E47-AD10-AEF2B823C938}.AppStore|iPhone.ActiveCfg = AppStore|iPhone
		{1463B94B-E4E8-4E47-AD10-AEF2B823C938}.AppStore|iPhone.Build.0 = AppStore|iPhone
		{1463B94B-E4E8-4E47-AD10-AEF2B823C938}.AppStore|iPhoneSimulator.ActiveCfg = AppStore|iPhoneSimulator
		{1463B94B-E4E8-4E47-AD10-AEF2B823C938}.AppStore|iPhoneSimulator.Build.0 = AppStore|iPhoneSimulator
		{1463B94B-E4E8-4E47-AD10-AEF2B823C938}.AppStore|x64.ActiveCfg = AppStore|iPhone
		{1463B94B-E4E8-4E47-AD10-AEF2B823C938}.AppStore|x86.ActiveCfg = AppStore|iPhone
		{1463B94B-E4E8-4E47-AD10-AEF2B823C938}.Debug|Any CPU.ActiveCfg = Debug|iPhone
		{1463B94B-E4E8-4E47-AD10-AEF2B823C938}.Debug|ARM.ActiveCfg = Debug|iPhone
		{1463B94B-E4E8-4E47-AD10-AEF2B823C938}.Debug|iPhone.ActiveCfg = Debug|iPhone
		{1463B94B-E4E8-4E47-AD10-AEF2B823C938}.Debug|iPhone.Build.0 = Debug|iPhone
		{1463B94B-E4E8-4E47-AD10-AEF2B823C938}.Debug|iPhone.Deploy.0 = Debug|iPhone
		{1463B94B-E4E8-4E47-AD10-AEF2B823C938}.Debug|iPhoneSimulator.ActiveCfg = Debug|iPhoneSimulator
		{1463B94B-E4E8-4E47-AD10-AEF2B823C938}.Debug|iPhoneSimulator.Build.0 = Debug|iPhoneSimulator
		{1463B94B-E4E8-4E47-AD10-AEF2B823C938}.Debug|x64.ActiveCfg = Debug|iPhone
		{1463B94B-E4E8-4E47-AD10-AEF2B823C938}.Debug|x86.ActiveCfg = Debug|iPhone
		{1463B94B-E4E8-4E47-AD10-AEF2B823C938}.Release|Any CPU.ActiveCfg = Release|iPhone
		{1463B94B-E4E8-4E47-AD10-AEF2B823C938}.Release|ARM.ActiveCfg = Release|iPhone
		{1463B94B-E4E8-4E47-AD10-AEF2B823C938}.Release|iPhone.ActiveCfg = Release|iPhone
		{1463B94B-E4E8-4E47-AD10-AEF2B823C938}.Release|iPhone.Build.0 = Release|iPhone
		{1463B94B-E4E8-4E47-AD10-AEF2B823C938}.Release|iPhoneSimulator.ActiveCfg = Release|iPhoneSimulator
		{1463B94B-E4E8-4E47-AD10-AEF2B823C938}.Release|iPhoneSimulator.Build.0 = Release|iPhoneSimulator
		{1463B94B-E4E8-4E47-AD10-AEF2B823C938}.Release|x64.ActiveCfg = Release|iPhone
		{1463B94B-E4E8-4E47-AD10-AEF2B823C938}.Release|x86.ActiveCfg = Release|iPhone
	EndGlobalSection
	GlobalSection(SolutionProperties) = preSolution
		HideSolutionNode = FALSE
	EndGlobalSection
EndGlobal
